
Microsoft Visual Studio Solution File, Format Version 12.00
# Visual Studio Version 17
VisualStudioVersion = 17.5.33424.131
MinimumVisualStudioVersion = 10.0.40219.1
Project("{FAE04EC0-301F-11D3-BF4B-00C04F79EFBC}") = "SignalR", "SignalR\SignalR.csproj", "{24158ECD-B5BF-4C38-B291-53273EC88232}"
EndProject
Global
	GlobalSection(SolutionConfigurationPlatforms) = preSolution
		Debug|Any CPU = Debug|Any CPU
		Release|Any CPU = Release|Any CPU
	EndGlobalSection
	GlobalSection(ProjectConfigurationPlatforms) = postSolution
		{24158ECD-B5BF-4C38-B291-53273EC88232}.Debug|Any CPU.ActiveCfg = Debug|Any CPU
		{24158ECD-B5BF-4C38-B291-53273EC88232}.Debug|Any CPU.Build.0 = Debug|Any CPU
		{24158ECD-B5BF-4C38-B291-53273EC88232}.Release|Any CPU.ActiveCfg = Release|Any CPU
		{24158ECD-B5BF-4C38-B291-53273EC88232}.Release|Any CPU.Build.0 = Release|Any CPU
	EndGlobalSection
	GlobalSection(SolutionProperties) = preSolution
		HideSolutionNode = FALSE
	EndGlobalSection
	GlobalSection(ExtensibilityGlobals) = postSolution
		SolutionGuid = {F5606149-3441-44B6-A4A0-46B737CF0449}
	EndGlobalSection
EndGlobal
